
Microsoft Visual Studio Solution File, Format Version 12.00
# Visual Studio Version 17
VisualStudioVersion = 17.11.35327.3
MinimumVisualStudioVersion = 10.0.40219.1
Project("{2150E333-8FDC-42A3-9474-1A3956D46DE8}") = "Services", "Services", "{C3290D55-9418-41B4-B782-0B942787F728}"
EndProject
Project("{2150E333-8FDC-42A3-9474-1A3956D46DE8}") = "Catalog", "Catalog", "{CB2D8B20-ED71-4585-BAC6-015E7FB9FF95}"
EndProject
Project("{9A19103F-16F7-4668-BE54-9A1E7A4F7556}") = "CatalogApi", "Services\Catalog\CatalogApi\CatalogApi.csproj", "{09B4E3D5-5DCC-4345-90C8-35E3358126E1}"
EndProject
Project("{2150E333-8FDC-42A3-9474-1A3956D46DE8}") = "BuildingBlocks", "BuildingBlocks", "{02D634AB-501F-49D2-88CA-A20D9A2E9931}"
EndProject
Project("{9A19103F-16F7-4668-BE54-9A1E7A4F7556}") = "BuildingBlocks", "BuildingBlocks\BuildingBlocks\BuildingBlocks.csproj", "{38C04AF9-96AC-4058-9515-6A8D460372D3}"
EndProject
Project("{E53339B2-1760-4266-BCC7-CA923CBCF16C}") = "docker-compose", "docker-compose.dcproj", "{B0F401E4-8164-45DA-845D-B6CC9EDACB8E}"
EndProject
Project("{2150E333-8FDC-42A3-9474-1A3956D46DE8}") = "Basket", "Basket", "{4F849833-2E21-47C3-BC7F-2688114DA376}"
EndProject
Project("{9A19103F-16F7-4668-BE54-9A1E7A4F7556}") = "BasketApi", "Services\Basket\BasketApi\BasketApi.csproj", "{720906D1-3560-474E-817F-5CDFBB58A397}"
EndProject
Project("{2150E333-8FDC-42A3-9474-1A3956D46DE8}") = "Discount", "Discount", "{975610D5-6CA2-43E6-AEB7-CCB3AF58791F}"
EndProject
Project("{9A19103F-16F7-4668-BE54-9A1E7A4F7556}") = "DiscountGrpc", "Services\Discount\Discount\DiscountGrpc.csproj", "{B2E69E20-7A7B-472D-A2F0-41A11591D470}"
EndProject
Project("{2150E333-8FDC-42A3-9474-1A3956D46DE8}") = "Ordering", "Ordering", "{860FC430-249F-44FA-848F-080CC678342C}"
EndProject
Project("{9A19103F-16F7-4668-BE54-9A1E7A4F7556}") = "OrderingApi", "Services\Ordering\OrderingApi\OrderingApi.csproj", "{600CE3F4-8FDA-493A-A517-C91E874BE295}"
EndProject
Project("{9A19103F-16F7-4668-BE54-9A1E7A4F7556}") = "OrderingDomain", "Services\Ordering\OrderingDomain\OrderingDomain.csproj", "{B683EB10-E8F4-4704-833E-74EBCB162C04}"
EndProject
Project("{9A19103F-16F7-4668-BE54-9A1E7A4F7556}") = "OrderingInfrastructure", "Services\Ordering\OrderingInfrastructure\OrderingInfrastructure.csproj", "{D538C123-00DB-4F65-84D3-04F8A0FB25D0}"
EndProject
Project("{9A19103F-16F7-4668-BE54-9A1E7A4F7556}") = "OrderingApplication", "Services\Ordering\OrderingApplication\OrderingApplication.csproj", "{8C35A01A-0264-4C7F-A610-0C21787ABA5C}"
EndProject
Project("{9A19103F-16F7-4668-BE54-9A1E7A4F7556}") = "BuildingBlocksMessaging", "BuildingBlocks\BuildingBlocksMessaging\BuildingBlocksMessaging.csproj", "{65517519-DF72-4D01-A991-AEB7EF19F919}"
EndProject
Project("{2150E333-8FDC-42A3-9474-1A3956D46DE8}") = "ApiGateways", "ApiGateways", "{B710BEFD-6B4C-48CF-88AD-4998834EE01A}"
EndProject
Project("{9A19103F-16F7-4668-BE54-9A1E7A4F7556}") = "YarpApiGateway", "ApiGateways\YarpApiGateway\YarpApiGateway.csproj", "{BA6EFC23-284D-4E71-98B1-423F4E4F8A08}"
EndProject
Project("{2150E333-8FDC-42A3-9474-1A3956D46DE8}") = "WebApps", "WebApps", "{9CD0CA88-8A0D-46FD-9A16-36FAA8B88E6A}"
EndProject
Project("{FAE04EC0-301F-11D3-BF4B-00C04F79EFBC}") = "ShoppingWeb", "WebApps\ShoppingWeb\ShoppingWeb.csproj", "{9504B4EB-5F71-4406-AD82-EFD596AC9889}"
EndProject
Global
	GlobalSection(SolutionConfigurationPlatforms) = preSolution
		Debug|Any CPU = Debug|Any CPU
		Release|Any CPU = Release|Any CPU
	EndGlobalSection
	GlobalSection(ProjectConfigurationPlatforms) = postSolution
		{09B4E3D5-5DCC-4345-90C8-35E3358126E1}.Debug|Any CPU.ActiveCfg = Debug|Any CPU
		{09B4E3D5-5DCC-4345-90C8-35E3358126E1}.Debug|Any CPU.Build.0 = Debug|Any CPU
		{09B4E3D5-5DCC-4345-90C8-35E3358126E1}.Release|Any CPU.ActiveCfg = Release|Any CPU
		{09B4E3D5-5DCC-4345-90C8-35E3358126E1}.Release|Any CPU.Build.0 = Release|Any CPU
		{38C04AF9-96AC-4058-9515-6A8D460372D3}.Debug|Any CPU.ActiveCfg = Debug|Any CPU
		{38C04AF9-96AC-4058-9515-6A8D460372D3}.Debug|Any CPU.Build.0 = Debug|Any CPU
		{38C04AF9-96AC-4058-9515-6A8D460372D3}.Release|Any CPU.ActiveCfg = Release|Any CPU
		{38C04AF9-96AC-4058-9515-6A8D460372D3}.Release|Any CPU.Build.0 = Release|Any CPU
		{B0F401E4-8164-45DA-845D-B6CC9EDACB8E}.Debug|Any CPU.ActiveCfg = Debug|Any CPU
		{B0F401E4-8164-45DA-845D-B6CC9EDACB8E}.Debug|Any CPU.Build.0 = Debug|Any CPU
		{B0F401E4-8164-45DA-845D-B6CC9EDACB8E}.Release|Any CPU.ActiveCfg = Release|Any CPU
		{B0F401E4-8164-45DA-845D-B6CC9EDACB8E}.Release|Any CPU.Build.0 = Release|Any CPU
		{720906D1-3560-474E-817F-5CDFBB58A397}.Debug|Any CPU.ActiveCfg = Debug|Any CPU
		{720906D1-3560-474E-817F-5CDFBB58A397}.Debug|Any CPU.Build.0 = Debug|Any CPU
		{720906D1-3560-474E-817F-5CDFBB58A397}.Release|Any CPU.ActiveCfg = Release|Any CPU
		{720906D1-3560-474E-817F-5CDFBB58A397}.Release|Any CPU.Build.0 = Release|Any CPU
		{B2E69E20-7A7B-472D-A2F0-41A11591D470}.Debug|Any CPU.ActiveCfg = Debug|Any CPU
		{B2E69E20-7A7B-472D-A2F0-41A11591D470}.Debug|Any CPU.Build.0 = Debug|Any CPU
		{B2E69E20-7A7B-472D-A2F0-41A11591D470}.Release|Any CPU.ActiveCfg = Release|Any CPU
		{B2E69E20-7A7B-472D-A2F0-41A11591D470}.Release|Any CPU.Build.0 = Release|Any CPU
		{600CE3F4-8FDA-493A-A517-C91E874BE295}.Debug|Any CPU.ActiveCfg = Debug|Any CPU
		{600CE3F4-8FDA-493A-A517-C91E874BE295}.Debug|Any CPU.Build.0 = Debug|Any CPU
		{600CE3F4-8FDA-493A-A517-C91E874BE295}.Release|Any CPU.ActiveCfg = Release|Any CPU
		{600CE3F4-8FDA-493A-A517-C91E874BE295}.Release|Any CPU.Build.0 = Release|Any CPU
		{B683EB10-E8F4-4704-833E-74EBCB162C04}.Debug|Any CPU.ActiveCfg = Debug|Any CPU
		{B683EB10-E8F4-4704-833E-74EBCB162C04}.Debug|Any CPU.Build.0 = Debug|Any CPU
		{B683EB10-E8F4-4704-833E-74EBCB162C04}.Release|Any CPU.ActiveCfg = Release|Any CPU
		{B683EB10-E8F4-4704-833E-74EBCB162C04}.Release|Any CPU.Build.0 = Release|Any CPU
		{D538C123-00DB-4F65-84D3-04F8A0FB25D0}.Debug|Any CPU.ActiveCfg = Debug|Any CPU
		{D538C123-00DB-4F65-84D3-04F8A0FB25D0}.Debug|Any CPU.Build.0 = Debug|Any CPU
		{D538C123-00DB-4F65-84D3-04F8A0FB25D0}.Release|Any CPU.ActiveCfg = Release|Any CPU
		{D538C123-00DB-4F65-84D3-04F8A0FB25D0}.Release|Any CPU.Build.0 = Release|Any CPU
		{8C35A01A-0264-4C7F-A610-0C21787ABA5C}.Debug|Any CPU.ActiveCfg = Debug|Any CPU
		{8C35A01A-0264-4C7F-A610-0C21787ABA5C}.Debug|Any CPU.Build.0 = Debug|Any CPU
		{8C35A01A-0264-4C7F-A610-0C21787ABA5C}.Release|Any CPU.ActiveCfg = Release|Any CPU
		{8C35A01A-0264-4C7F-A610-0C21787ABA5C}.Release|Any CPU.Build.0 = Release|Any CPU
		{65517519-DF72-4D01-A991-AEB7EF19F919}.Debug|Any CPU.ActiveCfg = Debug|Any CPU
		{65517519-DF72-4D01-A991-AEB7EF19F919}.Debug|Any CPU.Build.0 = Debug|Any CPU
		{65517519-DF72-4D01-A991-AEB7EF19F919}.Release|Any CPU.ActiveCfg = Release|Any CPU
		{65517519-DF72-4D01-A991-AEB7EF19F919}.Release|Any CPU.Build.0 = Release|Any CPU
		{BA6EFC23-284D-4E71-98B1-423F4E4F8A08}.Debug|Any CPU.ActiveCfg = Debug|Any CPU
		{BA6EFC23-284D-4E71-98B1-423F4E4F8A08}.Debug|Any CPU.Build.0 = Debug|Any CPU
		{BA6EFC23-284D-4E71-98B1-423F4E4F8A08}.Release|Any CPU.ActiveCfg = Release|Any CPU
		{BA6EFC23-284D-4E71-98B1-423F4E4F8A08}.Release|Any CPU.Build.0 = Release|Any CPU
		{9504B4EB-5F71-4406-AD82-EFD596AC9889}.Debug|Any CPU.ActiveCfg = Debug|Any CPU
		{9504B4EB-5F71-4406-AD82-EFD596AC9889}.Debug|Any CPU.Build.0 = Debug|Any CPU
		{9504B4EB-5F71-4406-AD82-EFD596AC9889}.Release|Any CPU.ActiveCfg = Release|Any CPU
		{9504B4EB-5F71-4406-AD82-EFD596AC9889}.Release|Any CPU.Build.0 = Release|Any CPU
	EndGlobalSection
	GlobalSection(SolutionProperties) = preSolution
		HideSolutionNode = FALSE
	EndGlobalSection
	GlobalSection(NestedProjects) = preSolution
		{CB2D8B20-ED71-4585-BAC6-015E7FB9FF95} = {C3290D55-9418-41B4-B782-0B942787F728}
		{09B4E3D5-5DCC-4345-90C8-35E3358126E1} = {CB2D8B20-ED71-4585-BAC6-015E7FB9FF95}
		{38C04AF9-96AC-4058-9515-6A8D460372D3} = {02D634AB-501F-49D2-88CA-A20D9A2E9931}
		{4F849833-2E21-47C3-BC7F-2688114DA376} = {C3290D55-9418-41B4-B782-0B942787F728}
		{720906D1-3560-474E-817F-5CDFBB58A397} = {4F849833-2E21-47C3-BC7F-2688114DA376}
		{975610D5-6CA2-43E6-AEB7-CCB3AF58791F} = {C3290D55-9418-41B4-B782-0B942787F728}
		{B2E69E20-7A7B-472D-A2F0-41A11591D470} = {975610D5-6CA2-43E6-AEB7-CCB3AF58791F}
		{860FC430-249F-44FA-848F-080CC678342C} = {C3290D55-9418-41B4-B782-0B942787F728}
		{600CE3F4-8FDA-493A-A517-C91E874BE295} = {860FC430-249F-44FA-848F-080CC678342C}
		{B683EB10-E8F4-4704-833E-74EBCB162C04} = {860FC430-249F-44FA-848F-080CC678342C}
		{D538C123-00DB-4F65-84D3-04F8A0FB25D0} = {860FC430-249F-44FA-848F-080CC678342C}
		{8C35A01A-0264-4C7F-A610-0C21787ABA5C} = {860FC430-249F-44FA-848F-080CC678342C}
		{65517519-DF72-4D01-A991-AEB7EF19F919} = {02D634AB-501F-49D2-88CA-A20D9A2E9931}
		{BA6EFC23-284D-4E71-98B1-423F4E4F8A08} = {B710BEFD-6B4C-48CF-88AD-4998834EE01A}
		{9504B4EB-5F71-4406-AD82-EFD596AC9889} = {9CD0CA88-8A0D-46FD-9A16-36FAA8B88E6A}
	EndGlobalSection
	GlobalSection(ExtensibilityGlobals) = postSolution
		SolutionGuid = {A90797F9-CE89-4AFB-90A6-0C60CEF5C0E5}
	EndGlobalSection
EndGlobal
